// !$*UTF8*$!
{
	archiveVersion = 1;
	classes = {
	};
	objectVersion = 55;
	objects = {

/* Begin PBXBuildFile section */
		137589D027CDFF57008A431D /* main.cpp in Sources */ = {isa = PBXBuildFile; fileRef = 137589CF27CDFF57008A431D /* main.cpp */; };
		137589DA27CE0029008A431D /* BinomialTreeModel02.cpp in Sources */ = {isa = PBXBuildFile; fileRef = 137589D827CE0029008A431D /* BinomialTreeModel02.cpp */; };
		137589DB27CE0029008A431D /* Option05.cpp in Sources */ = {isa = PBXBuildFile; fileRef = 137589D927CE0029008A431D /* Option05.cpp */; };
		137589DE27CE00EA008A431D /* Butterfly.cpp in Sources */ = {isa = PBXBuildFile; fileRef = 137589DC27CE00EA008A431D /* Butterfly.cpp */; };
		137589E127CE0602008A431D /* DoubleDigitOpt.cpp in Sources */ = {isa = PBXBuildFile; fileRef = 137589DF27CE0602008A431D /* DoubleDigitOpt.cpp */; };
		137589E427CE095F008A431D /* Strangle.cpp in Sources */ = {isa = PBXBuildFile; fileRef = 137589E227CE095F008A431D /* Strangle.cpp */; };
/* End PBXBuildFile section */

/* Begin PBXCopyFilesBuildPhase section */
		137589CA27CDFF57008A431D /* CopyFiles */ = {
			isa = PBXCopyFilesBuildPhase;
			buildActionMask = 2147483647;
			dstPath = /usr/share/man/man1/;
			dstSubfolderSpec = 0;
			files = (
			);
			runOnlyForDeploymentPostprocessing = 1;
		};
/* End PBXCopyFilesBuildPhase section */

/* Begin PBXFileReference section */
		137589CC27CDFF57008A431D /* Homework 5 */ = {isa = PBXFileReference; explicitFileType = "compiled.mach-o.executable"; includeInIndex = 0; path = "Homework 5"; sourceTree = BUILT_PRODUCTS_DIR; };
		137589CF27CDFF57008A431D /* main.cpp */ = {isa = PBXFileReference; lastKnownFileType = sourcecode.cpp.cpp; path = main.cpp; sourceTree = "<group>"; };
		137589D627CE001C008A431D /* Option05.hpp */ = {isa = PBXFileReference; fileEncoding = 4; lastKnownFileType = sourcecode.cpp.h; path = Option05.hpp; sourceTree = "<group>"; };
		137589D727CE0029008A431D /* BinomialTreeModel02.hpp */ = {isa = PBXFileReference; fileEncoding = 4; lastKnownFileType = sourcecode.cpp.h; path = BinomialTreeModel02.hpp; sourceTree = "<group>"; };
		137589D827CE0029008A431D /* BinomialTreeModel02.cpp */ = {isa = PBXFileReference; fileEncoding = 4; lastKnownFileType = sourcecode.cpp.cpp; path = BinomialTreeModel02.cpp; sourceTree = "<group>"; };
		137589D927CE0029008A431D /* Option05.cpp */ = {isa = PBXFileReference; fileEncoding = 4; lastKnownFileType = sourcecode.cpp.cpp; path = Option05.cpp; sourceTree = "<group>"; };
		137589DC27CE00EA008A431D /* Butterfly.cpp */ = {isa = PBXFileReference; lastKnownFileType = sourcecode.cpp.cpp; path = Butterfly.cpp; sourceTree = "<group>"; };
		137589DD27CE00EA008A431D /* Butterfly.hpp */ = {isa = PBXFileReference; lastKnownFileType = sourcecode.cpp.h; path = Butterfly.hpp; sourceTree = "<group>"; };
		137589DF27CE0602008A431D /* DoubleDigitOpt.cpp */ = {isa = PBXFileReference; lastKnownFileType = sourcecode.cpp.cpp; path = DoubleDigitOpt.cpp; sourceTree = "<group>"; };
		137589E027CE0602008A431D /* DoubleDigitOpt.hpp */ = {isa = PBXFileReference; lastKnownFileType = sourcecode.cpp.h; path = DoubleDigitOpt.hpp; sourceTree = "<group>"; };
		137589E227CE095F008A431D /* Strangle.cpp */ = {isa = PBXFileReference; lastKnownFileType = sourcecode.cpp.cpp; path = Strangle.cpp; sourceTree = "<group>"; };
		137589E327CE095F008A431D /* Strangle.hpp */ = {isa = PBXFileReference; lastKnownFileType = sourcecode.cpp.h; path = Strangle.hpp; sourceTree = "<group>"; };
/* End PBXFileReference section */

/* Begin PBXFrameworksBuildPhase section */
		137589C927CDFF57008A431D /* Frameworks */ = {
			isa = PBXFrameworksBuildPhase;
			buildActionMask = 2147483647;
			files = (
			);
			runOnlyForDeploymentPostprocessing = 0;
		};
/* End PBXFrameworksBuildPhase section */

/* Begin PBXGroup section */
		137589C327CDFF57008A431D = {
			isa = PBXGroup;
			children = (
				137589CE27CDFF57008A431D /* Homework 5 */,
				137589CD27CDFF57008A431D /* Products */,
			);
			sourceTree = "<group>";
		};
		137589CD27CDFF57008A431D /* Products */ = {
			isa = PBXGroup;
			children = (
				137589CC27CDFF57008A431D /* Homework 5 */,
			);
			name = Products;
			sourceTree = "<group>";
		};
		137589CE27CDFF57008A431D /* Homework 5 */ = {
			isa = PBXGroup;
			children = (
				137589CF27CDFF57008A431D /* main.cpp */,
				137589D827CE0029008A431D /* BinomialTreeModel02.cpp */,
				137589D727CE0029008A431D /* BinomialTreeModel02.hpp */,
				137589D927CE0029008A431D /* Option05.cpp */,
				137589D627CE001C008A431D /* Option05.hpp */,
				137589DF27CE0602008A431D /* DoubleDigitOpt.cpp */,
				137589E027CE0602008A431D /* DoubleDigitOpt.hpp */,
				137589E227CE095F008A431D /* Strangle.cpp */,
				137589E327CE095F008A431D /* Strangle.hpp */,
				137589DC27CE00EA008A431D /* Butterfly.cpp */,
				137589DD27CE00EA008A431D /* Butterfly.hpp */,
			);
			path = "Homework 5";
			sourceTree = "<group>";
		};
/* End PBXGroup section */

/* Begin PBXNativeTarget section */
		137589CB27CDFF57008A431D /* Homework 5 */ = {
			isa = PBXNativeTarget;
			buildConfigurationList = 137589D327CDFF57008A431D /* Build configuration list for PBXNativeTarget "Homework 5" */;
			buildPhases = (
				137589C827CDFF57008A431D /* Sources */,
				137589C927CDFF57008A431D /* Frameworks */,
				137589CA27CDFF57008A431D /* CopyFiles */,
			);
			buildRules = (
			);
			dependencies = (
			);
			name = "Homework 5";
			productName = "Homework 5";
			productReference = 137589CC27CDFF57008A431D /* Homework 5 */;
			productType = "com.apple.product-type.tool";
		};
/* End PBXNativeTarget section */

/* Begin PBXProject section */
		137589C427CDFF57008A431D /* Project object */ = {
			isa = PBXProject;
			attributes = {
				BuildIndependentTargetsInParallel = 1;
				LastUpgradeCheck = 1320;
				TargetAttributes = {
					137589CB27CDFF57008A431D = {
						CreatedOnToolsVersion = 13.2.1;
					};
				};
			};
			buildConfigurationList = 137589C727CDFF57008A431D /* Build configuration list for PBXProject "Homework 5" */;
			compatibilityVersion = "Xcode 13.0";
			developmentRegion = en;
			hasScannedForEncodings = 0;
			knownRegions = (
				en,
				Base,
			);
			mainGroup = 137589C327CDFF57008A431D;
			productRefGroup = 137589CD27CDFF57008A431D /* Products */;
			projectDirPath = "";
			projectRoot = "";
			targets = (
				137589CB27CDFF57008A431D /* Homework 5 */,
			);
		};
/* End PBXProject section */

/* Begin PBXSourcesBuildPhase section */
		137589C827CDFF57008A431D /* Sources */ = {
			isa = PBXSourcesBuildPhase;
			buildActionMask = 2147483647;
			files = (
				137589DA27CE0029008A431D /* BinomialTreeModel02.cpp in Sources */,
				137589D027CDFF57008A431D /* main.cpp in Sources */,
				137589DB27CE0029008A431D /* Option05.cpp in Sources */,
				137589E427CE095F008A431D /* Strangle.cpp in Sources */,
				137589E127CE0602008A431D /* DoubleDigitOpt.cpp in Sources */,
				137589DE27CE00EA008A431D /* Butterfly.cpp in Sources */,
			);
			runOnlyForDeploymentPostprocessing = 0;
		};
/* End PBXSourcesBuildPhase section */

/* Begin XCBuildConfiguration section */
		137589D127CDFF57008A431D /* Debug */ = {
			isa = XCBuildConfiguration;
			buildSettings = {
				ALWAYS_SEARCH_USER_PATHS = NO;
				CLANG_ANALYZER_NONNULL = YES;
				CLANG_ANALYZER_NUMBER_OBJECT_CONVERSION = YES_AGGRESSIVE;
				CLANG_CXX_LANGUAGE_STANDARD = "gnu++17";
				CLANG_CXX_LIBRARY = "libc++";
				CLANG_ENABLE_MODULES = YES;
				CLANG_ENABLE_OBJC_ARC = YES;
				CLANG_ENABLE_OBJC_WEAK = YES;
				CLANG_WARN_BLOCK_CAPTURE_AUTORELEASING = YES;
				CLANG_WARN_BOOL_CONVERSION = YES;
				CLANG_WARN_COMMA = YES;
				CLANG_WARN_CONSTANT_CONVERSION = YES;
				CLANG_WARN_DEPRECATED_OBJC_IMPLEMENTATIONS = YES;
				CLANG_WARN_DIRECT_OBJC_ISA_USAGE = YES_ERROR;
				CLANG_WARN_DOCUMENTATION_COMMENTS = YES;
				CLANG_WARN_EMPTY_BODY = YES;
				CLANG_WARN_ENUM_CONVERSION = YES;
				CLANG_WARN_INFINITE_RECURSION = YES;
				CLANG_WARN_INT_CONVERSION = YES;
				CLANG_WARN_NON_LITERAL_NULL_CONVERSION = YES;
				CLANG_WARN_OBJC_IMPLICIT_RETAIN_SELF = YES;
				CLANG_WARN_OBJC_LITERAL_CONVERSION = YES;
				CLANG_WARN_OBJC_ROOT_CLASS = YES_ERROR;
				CLANG_WARN_QUOTED_INCLUDE_IN_FRAMEWORK_HEADER = YES;
				CLANG_WARN_RANGE_LOOP_ANALYSIS = YES;
				CLANG_WARN_STRICT_PROTOTYPES = YES;
				CLANG_WARN_SUSPICIOUS_MOVE = YES;
				CLANG_WARN_UNGUARDED_AVAILABILITY = YES_AGGRESSIVE;
				CLANG_WARN_UNREACHABLE_CODE = YES;
				CLANG_WARN__DUPLICATE_METHOD_MATCH = YES;
				COPY_PHASE_STRIP = NO;
				DEBUG_INFORMATION_FORMAT = dwarf;
				ENABLE_STRICT_OBJC_MSGSEND = YES;
				ENABLE_TESTABILITY = YES;
				GCC_C_LANGUAGE_STANDARD = gnu11;
				GCC_DYNAMIC_NO_PIC = NO;
				GCC_NO_COMMON_BLOCKS = YES;
				GCC_OPTIMIZATION_LEVEL = 0;
				GCC_PREPROCESSOR_DEFINITIONS = (
					"DEBUG=1",
					"$(inherited)",
				);
				GCC_WARN_64_TO_32_BIT_CONVERSION = YES;
				GCC_WARN_ABOUT_RETURN_TYPE = YES_ERROR;
				GCC_WARN_UNDECLARED_SELECTOR = YES;
				GCC_WARN_UNINITIALIZED_AUTOS = YES_AGGRESSIVE;
				GCC_WARN_UNUSED_FUNCTION = YES;
				GCC_WARN_UNUSED_VARIABLE = YES;
				MACOSX_DEPLOYMENT_TARGET = 11.6;
				MTL_ENABLE_DEBUG_INFO = INCLUDE_SOURCE;
				MTL_FAST_MATH = YES;
				ONLY_ACTIVE_ARCH = YES;
				SDKROOT = macosx;
			};
			name = Debug;
		};
		137589D227CDFF57008A431D /* Release */ = {
			isa = XCBuildConfiguration;
			buildSettings = {
				ALWAYS_SEARCH_USER_PATHS = NO;
				CLANG_ANALYZER_NONNULL = YES;
				CLANG_ANALYZER_NUMBER_OBJECT_CONVERSION = YES_AGGRESSIVE;
				CLANG_CXX_LANGUAGE_STANDARD = "gnu++17";
				CLANG_CXX_LIBRARY = "libc++";
				CLANG_ENABLE_MODULES = YES;
				CLANG_ENABLE_OBJC_ARC = YES;
				CLANG_ENABLE_OBJC_WEAK = YES;
				CLANG_WARN_BLOCK_CAPTURE_AUTORELEASING = YES;
				CLANG_WARN_BOOL_CONVERSION = YES;
				CLANG_WARN_COMMA = YES;
				CLANG_WARN_CONSTANT_CONVERSION = YES;
				CLANG_WARN_DEPRECATED_OBJC_IMPLEMENTATIONS = YES;
				CLANG_WARN_DIRECT_OBJC_ISA_USAGE = YES_ERROR;
				CLANG_WARN_DOCUMENTATION_COMMENTS = YES;
				CLANG_WARN_EMPTY_BODY = YES;
				CLANG_WARN_ENUM_CONVERSION = YES;
				CLANG_WARN_INFINITE_RECURSION = YES;
				CLANG_WARN_INT_CONVERSION = YES;
				CLANG_WARN_NON_LITERAL_NULL_CONVERSION = YES;
				CLANG_WARN_OBJC_IMPLICIT_RETAIN_SELF = YES;
				CLANG_WARN_OBJC_LITERAL_CONVERSION = YES;
				CLANG_WARN_OBJC_ROOT_CLASS = YES_ERROR;
				CLANG_WARN_QUOTED_INCLUDE_IN_FRAMEWORK_HEADER = YES;
				CLANG_WARN_RANGE_LOOP_ANALYSIS = YES;
				CLANG_WARN_STRICT_PROTOTYPES = YES;
				CLANG_WARN_SUSPICIOUS_MOVE = YES;
				CLANG_WARN_UNGUARDED_AVAILABILITY = YES_AGGRESSIVE;
				CLANG_WARN_UNREACHABLE_CODE = YES;
				CLANG_WARN__DUPLICATE_METHOD_MATCH = YES;
				COPY_PHASE_STRIP = NO;
				DEBUG_INFORMATION_FORMAT = "dwarf-with-dsym";
				ENABLE_NS_ASSERTIONS = NO;
				ENABLE_STRICT_OBJC_MSGSEND = YES;
				GCC_C_LANGUAGE_STANDARD = gnu11;
				GCC_NO_COMMON_BLOCKS = YES;
				GCC_WARN_64_TO_32_BIT_CONVERSION = YES;
				GCC_WARN_ABOUT_RETURN_TYPE = YES_ERROR;
				GCC_WARN_UNDECLARED_SELECTOR = YES;
				GCC_WARN_UNINITIALIZED_AUTOS = YES_AGGRESSIVE;
				GCC_WARN_UNUSED_FUNCTION = YES;
				GCC_WARN_UNUSED_VARIABLE = YES;
				MACOSX_DEPLOYMENT_TARGET = 11.6;
				MTL_ENABLE_DEBUG_INFO = NO;
				MTL_FAST_MATH = YES;
				SDKROOT = macosx;
			};
			name = Release;
		};
		137589D427CDFF57008A431D /* Debug */ = {
			isa = XCBuildConfiguration;
			buildSettings = {
				CODE_SIGN_STYLE = Automatic;
				PRODUCT_NAME = "$(TARGET_NAME)";
			};
			name = Debug;
		};
		137589D527CDFF57008A431D /* Release */ = {
			isa = XCBuildConfiguration;
			buildSettings = {
				CODE_SIGN_STYLE = Automatic;
				PRODUCT_NAME = "$(TARGET_NAME)";
			};
			name = Release;
		};
/* End XCBuildConfiguration section */

/* Begin XCConfigurationList section */
		137589C727CDFF57008A431D /* Build configuration list for PBXProject "Homework 5" */ = {
			isa = XCConfigurationList;
			buildConfigurations = (
				137589D127CDFF57008A431D /* Debug */,
				137589D227CDFF57008A431D /* Release */,
			);
			defaultConfigurationIsVisible = 0;
			defaultConfigurationName = Release;
		};
		137589D327CDFF57008A431D /* Build configuration list for PBXNativeTarget "Homework 5" */ = {
			isa = XCConfigurationList;
			buildConfigurations = (
				137589D427CDFF57008A431D /* Debug */,
				137589D527CDFF57008A431D /* Release */,
			);
			defaultConfigurationIsVisible = 0;
			defaultConfigurationName = Release;
		};
/* End XCConfigurationList section */
	};
	rootObject = 137589C427CDFF57008A431D /* Project object */;
}
